
Microsoft Visual Studio Solution File, Format Version 12.00
# Visual Studio Version 17
VisualStudioVersion = 17.11.35303.130
MinimumVisualStudioVersion = 10.0.40219.1
Project("{FAE04EC0-301F-11D3-BF4B-00C04F79EFBC}") = "OBiletClone.Server.WebAPI", "OBiletClone.Server.WebAPI\OBiletClone.Server.WebAPI.csproj", "{36B53B9C-9B52-4786-A22D-652EEEB11EB7}"
EndProject
Project("{FAE04EC0-301F-11D3-BF4B-00C04F79EFBC}") = "OBiletClone.Server.Domain", "OBiletClone.Server.Domain\OBiletClone.Server.Domain.csproj", "{9F35B119-922B-459B-A617-5B4EC9B55A30}"
EndProject
Project("{FAE04EC0-301F-11D3-BF4B-00C04F79EFBC}") = "OBiletClone.Server.Application", "OBiletClone.Server.Application\OBiletClone.Server.Application.csproj", "{42BC3948-D478-46A9-B5C1-7C2268B768BF}"
EndProject
Project("{FAE04EC0-301F-11D3-BF4B-00C04F79EFBC}") = "OBiletClone.Server.Infrastructure", "OBiletClone.Server.Infrastructure\OBiletClone.Server.Infrastructure.csproj", "{4B1A1D04-D3FB-42DA-B1F2-8C5DDB240462}"
EndProject
Global
	GlobalSection(SolutionConfigurationPlatforms) = preSolution
		Debug|Any CPU = Debug|Any CPU
		Release|Any CPU = Release|Any CPU
	EndGlobalSection
	GlobalSection(ProjectConfigurationPlatforms) = postSolution
		{36B53B9C-9B52-4786-A22D-652EEEB11EB7}.Debug|Any CPU.ActiveCfg = Debug|Any CPU
		{36B53B9C-9B52-4786-A22D-652EEEB11EB7}.Debug|Any CPU.Build.0 = Debug|Any CPU
		{36B53B9C-9B52-4786-A22D-652EEEB11EB7}.Release|Any CPU.ActiveCfg = Release|Any CPU
		{36B53B9C-9B52-4786-A22D-652EEEB11EB7}.Release|Any CPU.Build.0 = Release|Any CPU
		{9F35B119-922B-459B-A617-5B4EC9B55A30}.Debug|Any CPU.ActiveCfg = Debug|Any CPU
		{9F35B119-922B-459B-A617-5B4EC9B55A30}.Debug|Any CPU.Build.0 = Debug|Any CPU
		{9F35B119-922B-459B-A617-5B4EC9B55A30}.Release|Any CPU.ActiveCfg = Release|Any CPU
		{9F35B119-922B-459B-A617-5B4EC9B55A30}.Release|Any CPU.Build.0 = Release|Any CPU
		{42BC3948-D478-46A9-B5C1-7C2268B768BF}.Debug|Any CPU.ActiveCfg = Debug|Any CPU
		{42BC3948-D478-46A9-B5C1-7C2268B768BF}.Debug|Any CPU.Build.0 = Debug|Any CPU
		{42BC3948-D478-46A9-B5C1-7C2268B768BF}.Release|Any CPU.ActiveCfg = Release|Any CPU
		{42BC3948-D478-46A9-B5C1-7C2268B768BF}.Release|Any CPU.Build.0 = Release|Any CPU
		{4B1A1D04-D3FB-42DA-B1F2-8C5DDB240462}.Debug|Any CPU.ActiveCfg = Debug|Any CPU
		{4B1A1D04-D3FB-42DA-B1F2-8C5DDB240462}.Debug|Any CPU.Build.0 = Debug|Any CPU
		{4B1A1D04-D3FB-42DA-B1F2-8C5DDB240462}.Release|Any CPU.ActiveCfg = Release|Any CPU
		{4B1A1D04-D3FB-42DA-B1F2-8C5DDB240462}.Release|Any CPU.Build.0 = Release|Any CPU
	EndGlobalSection
	GlobalSection(SolutionProperties) = preSolution
		HideSolutionNode = FALSE
	EndGlobalSection
	GlobalSection(ExtensibilityGlobals) = postSolution
		SolutionGuid = {24EA533F-E20B-4BB4-A86B-59EEBDF950BF}
	EndGlobalSection
EndGlobal
